
Microsoft Visual Studio Solution File, Format Version 12.00
# Visual Studio Version 17
VisualStudioVersion = 17.0.31903.59
MinimumVisualStudioVersion = 10.0.40219.1
Project("{2150E333-8FDC-42A3-9474-1A3956D46DE8}") = "src", "src", "{827E0CD3-B72D-47B6-A68D-7590B98EB39B}"
EndProject
Project("{FAE04EC0-301F-11D3-BF4B-00C04F79EFBC}") = "AttendTrack.Domain", "src\AttendTrack.Domain\AttendTrack.Domain.csproj", "{4CEC4A42-B6D4-4094-B3AC-D9E8231D0547}"
EndProject
Project("{FAE04EC0-301F-11D3-BF4B-00C04F79EFBC}") = "AttendTrack.Application", "src\AttendTrack.Application\AttendTrack.Application.csproj", "{A81DA95E-E05B-4877-BCB0-147AB32D23AC}"
EndProject
Project("{FAE04EC0-301F-11D3-BF4B-00C04F79EFBC}") = "AttendTrack.Infrastructure", "src\AttendTrack.Infrastructure\AttendTrack.Infrastructure.csproj", "{AA1E1ED5-D6F1-4C1C-B7DF-7C2E8BBE6751}"
EndProject
Project("{FAE04EC0-301F-11D3-BF4B-00C04F79EFBC}") = "AttendTrack.Web", "src\AttendTrack.Web\AttendTrack.Web.csproj", "{D55EBCA8-AF83-4BE6-9DF9-7D093633E922}"
EndProject
Project("{FAE04EC0-301F-11D3-BF4B-00C04F79EFBC}") = "AttendTrack.Domain.Tests", "tests\AttendTrack.Domain.Tests\AttendTrack.Domain.Tests.csproj", "{75C6FC31-3EA4-40A2-86AE-404959434FD1}"
EndProject
Project("{FAE04EC0-301F-11D3-BF4B-00C04F79EFBC}") = "AttendTrack.Application.Tests", "tests\AttendTrack.Application.Tests\AttendTrack.Application.Tests.csproj", "{6E1C2CB6-81C9-4E0F-BAD9-53F1C75D8639}"
EndProject
Project("{FAE04EC0-301F-11D3-BF4B-00C04F79EFBC}") = "AttendTrack.Integration.Tests", "tests\AttendTrack.Integration.Tests\AttendTrack.Integration.Tests.csproj", "{87966A4C-0BE3-41D8-82E5-BEB3E1B853B3}"
EndProject
Global
	GlobalSection(SolutionConfigurationPlatforms) = preSolution
		Debug|Any CPU = Debug|Any CPU
		Debug|x64 = Debug|x64
		Debug|x86 = Debug|x86
		Release|Any CPU = Release|Any CPU
		Release|x64 = Release|x64
		Release|x86 = Release|x86
	EndGlobalSection
	GlobalSection(ProjectConfigurationPlatforms) = postSolution
		{4CEC4A42-B6D4-4094-B3AC-D9E8231D0547}.Debug|Any CPU.ActiveCfg = Debug|Any CPU
		{4CEC4A42-B6D4-4094-B3AC-D9E8231D0547}.Debug|Any CPU.Build.0 = Debug|Any CPU
		{4CEC4A42-B6D4-4094-B3AC-D9E8231D0547}.Debug|x64.ActiveCfg = Debug|Any CPU
		{4CEC4A42-B6D4-4094-B3AC-D9E8231D0547}.Debug|x64.Build.0 = Debug|Any CPU
		{4CEC4A42-B6D4-4094-B3AC-D9E8231D0547}.Debug|x86.ActiveCfg = Debug|Any CPU
		{4CEC4A42-B6D4-4094-B3AC-D9E8231D0547}.Debug|x86.Build.0 = Debug|Any CPU
		{4CEC4A42-B6D4-4094-B3AC-D9E8231D0547}.Release|Any CPU.ActiveCfg = Release|Any CPU
		{4CEC4A42-B6D4-4094-B3AC-D9E8231D0547}.Release|Any CPU.Build.0 = Release|Any CPU
		{4CEC4A42-B6D4-4094-B3AC-D9E8231D0547}.Release|x64.ActiveCfg = Release|Any CPU
		{4CEC4A42-B6D4-4094-B3AC-D9E8231D0547}.Release|x64.Build.0 = Release|Any CPU
		{4CEC4A42-B6D4-4094-B3AC-D9E8231D0547}.Release|x86.ActiveCfg = Release|Any CPU
		{4CEC4A42-B6D4-4094-B3AC-D9E8231D0547}.Release|x86.Build.0 = Release|Any CPU
		{A81DA95E-E05B-4877-BCB0-147AB32D23AC}.Debug|Any CPU.ActiveCfg = Debug|Any CPU
		{A81DA95E-E05B-4877-BCB0-147AB32D23AC}.Debug|Any CPU.Build.0 = Debug|Any CPU
		{A81DA95E-E05B-4877-BCB0-147AB32D23AC}.Debug|x64.ActiveCfg = Debug|Any CPU
		{A81DA95E-E05B-4877-BCB0-147AB32D23AC}.Debug|x64.Build.0 = Debug|Any CPU
		{A81DA95E-E05B-4877-BCB0-147AB32D23AC}.Debug|x86.ActiveCfg = Debug|Any CPU
		{A81DA95E-E05B-4877-BCB0-147AB32D23AC}.Debug|x86.Build.0 = Debug|Any CPU
		{A81DA95E-E05B-4877-BCB0-147AB32D23AC}.Release|Any CPU.ActiveCfg = Release|Any CPU
		{A81DA95E-E05B-4877-BCB0-147AB32D23AC}.Release|Any CPU.Build.0 = Release|Any CPU
		{A81DA95E-E05B-4877-BCB0-147AB32D23AC}.Release|x64.ActiveCfg = Release|Any CPU
		{A81DA95E-E05B-4877-BCB0-147AB32D23AC}.Release|x64.Build.0 = Release|Any CPU
		{A81DA95E-E05B-4877-BCB0-147AB32D23AC}.Release|x86.ActiveCfg = Release|Any CPU
		{A81DA95E-E05B-4877-BCB0-147AB32D23AC}.Release|x86.Build.0 = Release|Any CPU
		{AA1E1ED5-D6F1-4C1C-B7DF-7C2E8BBE6751}.Debug|Any CPU.ActiveCfg = Debug|Any CPU
		{AA1E1ED5-D6F1-4C1C-B7DF-7C2E8BBE6751}.Debug|Any CPU.Build.0 = Debug|Any CPU
		{AA1E1ED5-D6F1-4C1C-B7DF-7C2E8BBE6751}.Debug|x64.ActiveCfg = Debug|Any CPU
		{AA1E1ED5-D6F1-4C1C-B7DF-7C2E8BBE6751}.Debug|x64.Build.0 = Debug|Any CPU
		{AA1E1ED5-D6F1-4C1C-B7DF-7C2E8BBE6751}.Debug|x86.ActiveCfg = Debug|Any CPU
		{AA1E1ED5-D6F1-4C1C-B7DF-7C2E8BBE6751}.Debug|x86.Build.0 = Debug|Any CPU
		{AA1E1ED5-D6F1-4C1C-B7DF-7C2E8BBE6751}.Release|Any CPU.ActiveCfg = Release|Any CPU
		{AA1E1ED5-D6F1-4C1C-B7DF-7C2E8BBE6751}.Release|Any CPU.Build.0 = Release|Any CPU
		{AA1E1ED5-D6F1-4C1C-B7DF-7C2E8BBE6751}.Release|x64.ActiveCfg = Release|Any CPU
		{AA1E1ED5-D6F1-4C1C-B7DF-7C2E8BBE6751}.Release|x64.Build.0 = Release|Any CPU
		{AA1E1ED5-D6F1-4C1C-B7DF-7C2E8BBE6751}.Release|x86.ActiveCfg = Release|Any CPU
		{AA1E1ED5-D6F1-4C1C-B7DF-7C2E8BBE6751}.Release|x86.Build.0 = Release|Any CPU
		{D55EBCA8-AF83-4BE6-9DF9-7D093633E922}.Debug|Any CPU.ActiveCfg = Debug|Any CPU
		{D55EBCA8-AF83-4BE6-9DF9-7D093633E922}.Debug|Any CPU.Build.0 = Debug|Any CPU
		{D55EBCA8-AF83-4BE6-9DF9-7D093633E922}.Debug|x64.ActiveCfg = Debug|Any CPU
		{D55EBCA8-AF83-4BE6-9DF9-7D093633E922}.Debug|x64.Build.0 = Debug|Any CPU
		{D55EBCA8-AF83-4BE6-9DF9-7D093633E922}.Debug|x86.ActiveCfg = Debug|Any CPU
		{D55EBCA8-AF83-4BE6-9DF9-7D093633E922}.Debug|x86.Build.0 = Debug|Any CPU
		{D55EBCA8-AF83-4BE6-9DF9-7D093633E922}.Release|Any CPU.ActiveCfg = Release|Any CPU
		{D55EBCA8-AF83-4BE6-9DF9-7D093633E922}.Release|Any CPU.Build.0 = Release|Any CPU
		{D55EBCA8-AF83-4BE6-9DF9-7D093633E922}.Release|x64.ActiveCfg = Release|Any CPU
		{D55EBCA8-AF83-4BE6-9DF9-7D093633E922}.Release|x64.Build.0 = Release|Any CPU
		{D55EBCA8-AF83-4BE6-9DF9-7D093633E922}.Release|x86.ActiveCfg = Release|Any CPU
		{D55EBCA8-AF83-4BE6-9DF9-7D093633E922}.Release|x86.Build.0 = Release|Any CPU
		{75C6FC31-3EA4-40A2-86AE-404959434FD1}.Debug|Any CPU.ActiveCfg = Debug|Any CPU
		{75C6FC31-3EA4-40A2-86AE-404959434FD1}.Debug|Any CPU.Build.0 = Debug|Any CPU
		{75C6FC31-3EA4-40A2-86AE-404959434FD1}.Debug|x64.ActiveCfg = Debug|Any CPU
		{75C6FC31-3EA4-40A2-86AE-404959434FD1}.Debug|x64.Build.0 = Debug|Any CPU
		{75C6FC31-3EA4-40A2-86AE-404959434FD1}.Debug|x86.ActiveCfg = Debug|Any CPU
		{75C6FC31-3EA4-40A2-86AE-404959434FD1}.Debug|x86.Build.0 = Debug|Any CPU
		{75C6FC31-3EA4-40A2-86AE-404959434FD1}.Release|Any CPU.ActiveCfg = Release|Any CPU
		{75C6FC31-3EA4-40A2-86AE-404959434FD1}.Release|Any CPU.Build.0 = Release|Any CPU
		{75C6FC31-3EA4-40A2-86AE-404959434FD1}.Release|x64.ActiveCfg = Release|Any CPU
		{75C6FC31-3EA4-40A2-86AE-404959434FD1}.Release|x64.Build.0 = Release|Any CPU
		{75C6FC31-3EA4-40A2-86AE-404959434FD1}.Release|x86.ActiveCfg = Release|Any CPU
		{75C6FC31-3EA4-40A2-86AE-404959434FD1}.Release|x86.Build.0 = Release|Any CPU
		{6E1C2CB6-81C9-4E0F-BAD9-53F1C75D8639}.Debug|Any CPU.ActiveCfg = Debug|Any CPU
		{6E1C2CB6-81C9-4E0F-BAD9-53F1C75D8639}.Debug|Any CPU.Build.0 = Debug|Any CPU
		{6E1C2CB6-81C9-4E0F-BAD9-53F1C75D8639}.Debug|x64.ActiveCfg = Debug|Any CPU
		{6E1C2CB6-81C9-4E0F-BAD9-53F1C75D8639}.Debug|x64.Build.0 = Debug|Any CPU
		{6E1C2CB6-81C9-4E0F-BAD9-53F1C75D8639}.Debug|x86.ActiveCfg = Debug|Any CPU
		{6E1C2CB6-81C9-4E0F-BAD9-53F1C75D8639}.Debug|x86.Build.0 = Debug|Any CPU
		{6E1C2CB6-81C9-4E0F-BAD9-53F1C75D8639}.Release|Any CPU.ActiveCfg = Release|Any CPU
		{6E1C2CB6-81C9-4E0F-BAD9-53F1C75D8639}.Release|Any CPU.Build.0 = Release|Any CPU
		{6E1C2CB6-81C9-4E0F-BAD9-53F1C75D8639}.Release|x64.ActiveCfg = Release|Any CPU
		{6E1C2CB6-81C9-4E0F-BAD9-53F1C75D8639}.Release|x64.Build.0 = Release|Any CPU
		{6E1C2CB6-81C9-4E0F-BAD9-53F1C75D8639}.Release|x86.ActiveCfg = Release|Any CPU
		{6E1C2CB6-81C9-4E0F-BAD9-53F1C75D8639}.Release|x86.Build.0 = Release|Any CPU
		{87966A4C-0BE3-41D8-82E5-BEB3E1B853B3}.Debug|Any CPU.ActiveCfg = Debug|Any CPU
		{87966A4C-0BE3-41D8-82E5-BEB3E1B853B3}.Debug|Any CPU.Build.0 = Debug|Any CPU
		{87966A4C-0BE3-41D8-82E5-BEB3E1B853B3}.Debug|x64.ActiveCfg = Debug|Any CPU
		{87966A4C-0BE3-41D8-82E5-BEB3E1B853B3}.Debug|x64.Build.0 = Debug|Any CPU
		{87966A4C-0BE3-41D8-82E5-BEB3E1B853B3}.Debug|x86.ActiveCfg = Debug|Any CPU
		{87966A4C-0BE3-41D8-82E5-BEB3E1B853B3}.Debug|x86.Build.0 = Debug|Any CPU
		{87966A4C-0BE3-41D8-82E5-BEB3E1B853B3}.Release|Any CPU.ActiveCfg = Release|Any CPU
		{87966A4C-0BE3-41D8-82E5-BEB3E1B853B3}.Release|Any CPU.Build.0 = Release|Any CPU
		{87966A4C-0BE3-41D8-82E5-BEB3E1B853B3}.Release|x64.ActiveCfg = Release|Any CPU
		{87966A4C-0BE3-41D8-82E5-BEB3E1B853B3}.Release|x64.Build.0 = Release|Any CPU
		{87966A4C-0BE3-41D8-82E5-BEB3E1B853B3}.Release|x86.ActiveCfg = Release|Any CPU
		{87966A4C-0BE3-41D8-82E5-BEB3E1B853B3}.Release|x86.Build.0 = Release|Any CPU
	EndGlobalSection
	GlobalSection(SolutionProperties) = preSolution
		HideSolutionNode = FALSE
	EndGlobalSection
	GlobalSection(NestedProjects) = preSolution
		{4CEC4A42-B6D4-4094-B3AC-D9E8231D0547} = {827E0CD3-B72D-47B6-A68D-7590B98EB39B}
		{A81DA95E-E05B-4877-BCB0-147AB32D23AC} = {827E0CD3-B72D-47B6-A68D-7590B98EB39B}
		{AA1E1ED5-D6F1-4C1C-B7DF-7C2E8BBE6751} = {827E0CD3-B72D-47B6-A68D-7590B98EB39B}
		{D55EBCA8-AF83-4BE6-9DF9-7D093633E922} = {827E0CD3-B72D-47B6-A68D-7590B98EB39B}
		{75C6FC31-3EA4-40A2-86AE-404959434FD1} = {827E0CD3-B72D-47B6-A68D-7590B98EB39B}
		{6E1C2CB6-81C9-4E0F-BAD9-53F1C75D8639} = {827E0CD3-B72D-47B6-A68D-7590B98EB39B}
		{87966A4C-0BE3-41D8-82E5-BEB3E1B853B3} = {827E0CD3-B72D-47B6-A68D-7590B98EB39B}
	EndGlobalSection
EndGlobal
